
Microsoft Visual Studio Solution File, Format Version 12.00
# Visual Studio Version 16
VisualStudioVersion = 16.0.30804.86
MinimumVisualStudioVersion = 10.0.40219.1
Project("{9A19103F-16F7-4668-BE54-9A1E7A4F7556}") = "WebApplication4", "WebApplication4\WebApplication4.csproj", "{483FD112-B61A-4FFD-A87C-8116224E937C}"
EndProject
Project("{9A19103F-16F7-4668-BE54-9A1E7A4F7556}") = "ConsoleApp1", "ConsoleApp1\ConsoleApp1.csproj", "{D3B831D4-BA53-48A5-883E-081EBF4D4922}"
EndProject
Project("{FAE04EC0-301F-11D3-BF4B-00C04F79EFBC}") = "ConsoleApp2", "ConsoleApp2\ConsoleApp2.csproj", "{8280E84D-BC22-4E4B-ACB4-B49CE9DC65AA}"
EndProject
Global
	GlobalSection(SolutionConfigurationPlatforms) = preSolution
		Debug|Any CPU = Debug|Any CPU
		Release|Any CPU = Release|Any CPU
	EndGlobalSection
	GlobalSection(ProjectConfigurationPlatforms) = postSolution
		{483FD112-B61A-4FFD-A87C-8116224E937C}.Debug|Any CPU.ActiveCfg = Debug|Any CPU
		{483FD112-B61A-4FFD-A87C-8116224E937C}.Debug|Any CPU.Build.0 = Debug|Any CPU
		{483FD112-B61A-4FFD-A87C-8116224E937C}.Release|Any CPU.ActiveCfg = Release|Any CPU
		{483FD112-B61A-4FFD-A87C-8116224E937C}.Release|Any CPU.Build.0 = Release|Any CPU
		{D3B831D4-BA53-48A5-883E-081EBF4D4922}.Debug|Any CPU.ActiveCfg = Debug|Any CPU
		{D3B831D4-BA53-48A5-883E-081EBF4D4922}.Debug|Any CPU.Build.0 = Debug|Any CPU
		{D3B831D4-BA53-48A5-883E-081EBF4D4922}.Release|Any CPU.ActiveCfg = Release|Any CPU
		{D3B831D4-BA53-48A5-883E-081EBF4D4922}.Release|Any CPU.Build.0 = Release|Any CPU
		{8280E84D-BC22-4E4B-ACB4-B49CE9DC65AA}.Debug|Any CPU.ActiveCfg = Debug|Any CPU
		{8280E84D-BC22-4E4B-ACB4-B49CE9DC65AA}.Debug|Any CPU.Build.0 = Debug|Any CPU
		{8280E84D-BC22-4E4B-ACB4-B49CE9DC65AA}.Release|Any CPU.ActiveCfg = Release|Any CPU
		{8280E84D-BC22-4E4B-ACB4-B49CE9DC65AA}.Release|Any CPU.Build.0 = Release|Any CPU
	EndGlobalSection
	GlobalSection(SolutionProperties) = preSolution
		HideSolutionNode = FALSE
	EndGlobalSection
	GlobalSection(ExtensibilityGlobals) = postSolution
		SolutionGuid = {F9FF18CD-0848-4395-AB5F-37F6AAAC522A}
	EndGlobalSection
EndGlobal
